
Microsoft Visual Studio Solution File, Format Version 12.00
# Visual Studio Version 16
VisualStudioVersion = 16.0.29215.179
MinimumVisualStudioVersion = 10.0.40219.1
Project("{9A19103F-16F7-4668-BE54-9A1E7A4F7556}") = "lab7", "лабка 7\lab7.csproj", "{EE407F0D-22E7-48A0-97B2-3AE19CCD49FD}"
EndProject
Global
	GlobalSection(SolutionConfigurationPlatforms) = preSolution
		Debug|Any CPU = Debug|Any CPU
		Release|Any CPU = Release|Any CPU
	EndGlobalSection
	GlobalSection(ProjectConfigurationPlatforms) = postSolution
		{EE407F0D-22E7-48A0-97B2-3AE19CCD49FD}.Debug|Any CPU.ActiveCfg = Debug|Any CPU
		{EE407F0D-22E7-48A0-97B2-3AE19CCD49FD}.Debug|Any CPU.Build.0 = Debug|Any CPU
		{EE407F0D-22E7-48A0-97B2-3AE19CCD49FD}.Release|Any CPU.ActiveCfg = Release|Any CPU
		{EE407F0D-22E7-48A0-97B2-3AE19CCD49FD}.Release|Any CPU.Build.0 = Release|Any CPU
	EndGlobalSection
	GlobalSection(SolutionProperties) = preSolution
		HideSolutionNode = FALSE
	EndGlobalSection
	GlobalSection(ExtensibilityGlobals) = postSolution
		SolutionGuid = {345D0FEA-4DCA-4C07-9DCA-79F7BBCEFA8B}
	EndGlobalSection
EndGlobal
